<?xml version="1.0" encoding="utf-8"?>
<Project ToolsVersion="4.0" xmlns="http://schemas.microsoft.com/developer/msbuild/2003">
  <ItemGroup>
    <Filter Include="Source Files">
      <UniqueIdentifier>{4FC737F1-C7A5-4376-A066-2A32D752A2FF}</UniqueIdentifier>
      <Extensions>cpp;c;cxx;def;odl;idl;hpj;bat;asm;asmx</Extensions>
    </Filter>
    <Filter Include="Header Files">
      <UniqueIdentifier>{93995380-89BD-4b04-88EB-625FBE52EBFB}</UniqueIdentifier>
      <Extensions>h;hpp;hxx;hm;inl;inc;xsd</Extensions>
    </Filter>
    <Filter Include="Resource Files">
      <UniqueIdentifier>{67DA6AB6-F800-4c08-8B7A-83BB121AAD01}</UniqueIdentifier>
      <Extensions>rc;ico;cur;bmp;dlg;rc2;rct;bin;rgs;gif;jpg;jpeg;jpe;resx</Extensions>
    </Filter>
  </ItemGroup>
  <ItemGroup>
    <ClCompile Include="c\ansi-c-parser.cpp">
      <Filter>Source Files</Filter>
    </ClCompile>
    <ClCompile Include="c\ansi-c-scanner.cpp">
      <Filter>Source Files</Filter>
    </ClCompile>
    <ClCompile Include="db\basicblock.cpp">
      <Filter>Source Files</Filter>
    </ClCompile>
    <ClCompile Include="loader\BinaryFile.cpp">
      <Filter>Source Files</Filter>
    </ClCompile>
    <ClCompile Include="loader\BinaryFileFactory.cpp">
      <Filter>Source Files</Filter>
    </ClCompile>
    <ClCompile Include="boomerang.cpp">
      <Filter>Source Files</Filter>
    </ClCompile>
    <ClCompile Include="db\cfg.cpp">
      <Filter>Source Files</Filter>
    </ClCompile>
    <ClCompile Include="codegen\chllcode.cpp">
      <Filter>Source Files</Filter>
    </ClCompile>
    <ClCompile Include="type\constraint.cpp">
      <Filter>Source Files</Filter>
    </ClCompile>
    <ClCompile Include="db\dataflow.cpp">
      <Filter>Source Files</Filter>
    </ClCompile>
    <ClCompile Include="type\dfa.cpp">
      <Filter>Source Files</Filter>
    </ClCompile>
    <ClCompile Include="driver.cpp">
      <Filter>Source Files</Filter>
    </ClCompile>
    <ClCompile Include="db\exp.cpp">
      <Filter>Source Files</Filter>
    </ClCompile>
    <ClCompile Include="frontend\frontend.cpp">
      <Filter>Source Files</Filter>
    </ClCompile>
    <ClCompile Include="transform\generic.cpp">
      <Filter>Source Files</Filter>
    </ClCompile>
    <ClCompile Include="db\insnameelem.cpp">
      <Filter>Source Files</Filter>
    </ClCompile>
    <ClCompile Include="log.cpp">
      <Filter>Source Files</Filter>
    </ClCompile>
    <ClCompile Include="db\managed.cpp">
      <Filter>Source Files</Filter>
    </ClCompile>
    <ClCompile Include="frontend\njmcDecoder.cpp">
      <Filter>Source Files</Filter>
    </ClCompile>
    <ClCompile Include="frontend\pentiumdecoder.cpp">
      <Filter>Source Files</Filter>
    </ClCompile>
    <ClCompile Include="frontend\pentiumfrontend.cpp">
      <Filter>Source Files</Filter>
    </ClCompile>
    <ClCompile Include="frontend\ppcdecoder.cpp">
      <Filter>Source Files</Filter>
    </ClCompile>
    <ClCompile Include="frontend\ppcfrontend.cpp">
      <Filter>Source Files</Filter>
    </ClCompile>
    <ClCompile Include="db\proc.cpp">
      <Filter>Source Files</Filter>
    </ClCompile>
    <ClCompile Include="db\prog.cpp">
      <Filter>Source Files</Filter>
    </ClCompile>
    <ClCompile Include="transform\rdi.cpp">
      <Filter>Source Files</Filter>
    </ClCompile>
    <ClCompile Include="db\register.cpp">
      <Filter>Source Files</Filter>
    </ClCompile>
    <ClCompile Include="db\rtl.cpp">
      <Filter>Source Files</Filter>
    </ClCompile>
    <ClCompile Include="db\signature.cpp">
      <Filter>Source Files</Filter>
    </ClCompile>
    <ClCompile Include="frontend\sparcdecoder.cpp">
      <Filter>Source Files</Filter>
    </ClCompile>
    <ClCompile Include="frontend\sparcfrontend.cpp">
      <Filter>Source Files</Filter>
    </ClCompile>
    <ClCompile Include="db\sslinst.cpp">
      <Filter>Source Files</Filter>
    </ClCompile>
    <ClCompile Include="db\sslparser.cpp">
      <Filter>Source Files</Filter>
    </ClCompile>
    <ClCompile Include="db\sslscanner.cpp">
      <Filter>Source Files</Filter>
    </ClCompile>
    <ClCompile Include="frontend\st20decoder.cpp">
      <Filter>Source Files</Filter>
    </ClCompile>
    <ClCompile Include="frontend\st20frontend.cpp">
      <Filter>Source Files</Filter>
    </ClCompile>
    <ClCompile Include="db\statement.cpp">
      <Filter>Source Files</Filter>
    </ClCompile>
    <ClCompile Include="codegen\syntax.cpp">
      <Filter>Source Files</Filter>
    </ClCompile>
    <ClCompile Include="db\table.cpp">
      <Filter>Source Files</Filter>
    </ClCompile>
    <ClCompile Include="type\type.cpp">
      <Filter>Source Files</Filter>
    </ClCompile>
    <ClCompile Include="util\util.cpp">
      <Filter>Source Files</Filter>
    </ClCompile>
    <ClCompile Include="db\visitor.cpp">
      <Filter>Source Files</Filter>
    </ClCompile>
    <ClCompile Include="db\xmlprogparser.cpp">
      <Filter>Source Files</Filter>
    </ClCompile>
  </ItemGroup>
  <ItemGroup>
    <ClInclude Include="include\analysis.h">
      <Filter>Header Files</Filter>
    </ClInclude>
    <ClInclude Include="include\basicblock.h">
      <Filter>Header Files</Filter>
    </ClInclude>
    <ClInclude Include="include\BinaryFile.h">
      <Filter>Header Files</Filter>
    </ClInclude>
    <ClInclude Include="include\BinaryFileStub.h">
      <Filter>Header Files</Filter>
    </ClInclude>
    <ClInclude Include="include\boomerang.h">
      <Filter>Header Files</Filter>
    </ClInclude>
    <ClInclude Include="include\cfg.h">
      <Filter>Header Files</Filter>
    </ClInclude>
    <ClInclude Include="include\cluster.h">
      <Filter>Header Files</Filter>
    </ClInclude>
    <ClInclude Include="include\config.h">
      <Filter>Header Files</Filter>
    </ClInclude>
    <ClInclude Include="include\constraint.h">
      <Filter>Header Files</Filter>
    </ClInclude>
    <ClInclude Include="include\decoder.h">
      <Filter>Header Files</Filter>
    </ClInclude>
    <ClInclude Include="include\exp.h">
      <Filter>Header Files</Filter>
    </ClInclude>
    <ClInclude Include="include\exphelp.h">
      <Filter>Header Files</Filter>
    </ClInclude>
    <ClInclude Include="include\frontend.h">
      <Filter>Header Files</Filter>
    </ClInclude>
    <ClInclude Include="include\hllcode.h">
      <Filter>Header Files</Filter>
    </ClInclude>
    <ClInclude Include="include\log.h">
      <Filter>Header Files</Filter>
    </ClInclude>
    <ClInclude Include="include\managed.h">
      <Filter>Header Files</Filter>
    </ClInclude>
    <ClInclude Include="include\memo.h">
      <Filter>Header Files</Filter>
    </ClInclude>
    <ClInclude Include="include\operator.h">
      <Filter>Header Files</Filter>
    </ClInclude>
    <ClInclude Include="include\proc.h">
      <Filter>Header Files</Filter>
    </ClInclude>
    <ClInclude Include="include\prog.h">
      <Filter>Header Files</Filter>
    </ClInclude>
    <ClInclude Include="include\register.h">
      <Filter>Header Files</Filter>
    </ClInclude>
    <ClInclude Include="include\rtl.h">
      <Filter>Header Files</Filter>
    </ClInclude>
    <ClInclude Include="include\sigenum.h">
      <Filter>Header Files</Filter>
    </ClInclude>
    <ClInclude Include="include\signature.h">
      <Filter>Header Files</Filter>
    </ClInclude>
    <ClInclude Include="frontend\st20decoder.h">
      <Filter>Header Files</Filter>
    </ClInclude>
    <ClInclude Include="frontend\st20frontend.h">
      <Filter>Header Files</Filter>
    </ClInclude>
    <ClInclude Include="include\statement.h">
      <Filter>Header Files</Filter>
    </ClInclude>
    <ClInclude Include="include\transformer.h">
      <Filter>Header Files</Filter>
    </ClInclude>
    <ClInclude Include="include\type.h">
      <Filter>Header Files</Filter>
    </ClInclude>
    <ClInclude Include="include\types.h">
      <Filter>Header Files</Filter>
    </ClInclude>
    <ClInclude Include="include\util.h">
      <Filter>Header Files</Filter>
    </ClInclude>
    <ClInclude Include="include\visitor.h">
      <Filter>Header Files</Filter>
    </ClInclude>
    <ClInclude Include="include\xmlprogparser.h">
      <Filter>Header Files</Filter>
    </ClInclude>
  </ItemGroup>
</Project>