
Microsoft Visual Studio Solution File, Format Version 11.00
# Visual Studio 2010
Project("{8BC9CEB8-8B4A-11D0-8D11-00A0C91BC942}") = "boomerang", "boomerang-win.vcxproj", "{6423B982-BD86-49D9-B4B4-834697281351}"
EndProject
Global
	GlobalSection(SolutionConfigurationPlatforms) = preSolution
		Debug|Win32 = Debug|Win32
		Release|Win32 = Release|Win32
	EndGlobalSection
	GlobalSection(ProjectConfigurationPlatforms) = postSolution
		{6423B982-BD86-49D9-B4B4-834697281351}.Debug|Win32.ActiveCfg = Debug|Win32
		{6423B982-BD86-49D9-B4B4-834697281351}.Debug|Win32.Build.0 = Debug|Win32
		{6423B982-BD86-49D9-B4B4-834697281351}.Release|Win32.ActiveCfg = Release|Win32
		{6423B982-BD86-49D9-B4B4-834697281351}.Release|Win32.Build.0 = Release|Win32
	EndGlobalSection
	GlobalSection(SolutionProperties) = preSolution
		HideSolutionNode = FALSE
	EndGlobalSection
EndGlobal
